
Microsoft Visual Studio Solution File, Format Version 9.00
# Visual Studio 2005
Project("{FAE04EC0-301F-11D3-BF4B-00C04F79EFBC}") = "Assembly-CSharp", "assembly.csproj", "{76FB8C16-ABE0-4AC7-BC84-E4983BE4559C}"
EndProject
Global
	GlobalSection(SolutionConfigurationPlatforms) = preSolution
		Debug|Any CPU = Debug|Any CPU
		Release|Any CPU = Release|Any CPU
	EndGlobalSection
	GlobalSection(ProjectConfigurationPlatforms) = postSolution
		{76FB8C16-ABE0-4AC7-BC84-E4983BE4559C}.Debug|Any CPU.ActiveCfg = Debug|Any CPU
		{76FB8C16-ABE0-4AC7-BC84-E4983BE4559C}.Debug|Any CPU.Build.0 = Debug|Any CPU
		{76FB8C16-ABE0-4AC7-BC84-E4983BE4559C}.Release|Any CPU.ActiveCfg = Release|Any CPU
		{76FB8C16-ABE0-4AC7-BC84-E4983BE4559C}.Release|Any CPU.Build.0 = Release|Any CPU
	EndGlobalSection
	GlobalSection(SolutionProperties) = preSolution
		HideSolutionNode = FALSE
	EndGlobalSection
EndGlobal
